
Microsoft Visual Studio Solution File, Format Version 12.00
# Visual Studio 15
VisualStudioVersion = 15.0.27130.2027
MinimumVisualStudioVersion = 10.0.40219.1
Project("{9A19103F-16F7-4668-BE54-9A1E7A4F7556}") = "FluentQuery.Core", "FluentQuery.Core\FluentQuery.Core.csproj", "{29329C69-070B-4AF1-A990-3AD232B82956}"
EndProject
Project("{9A19103F-16F7-4668-BE54-9A1E7A4F7556}") = "FluentQuery.Tests.Unit", "FluentQuery.Tests.Unit\FluentQuery.Tests.Unit.csproj", "{B143B4D3-5B53-4944-8AD5-4DAA364E2D48}"
EndProject
Project("{2150E333-8FDC-42A3-9474-1A3956D46DE8}") = "Solution Items", "Solution Items", "{ACE3CC87-C358-46DD-9616-BC17BDBB92CA}"
	ProjectSection(SolutionItems) = preProject
		.travis.yml = .travis.yml
		appveyor.yml = appveyor.yml
		build.cake = build.cake
		cake.config = cake.config
	EndProjectSection
EndProject
Project("{9A19103F-16F7-4668-BE54-9A1E7A4F7556}") = "FluentQuery.SqlServer", "FluentQuery.SqlServer\FluentQuery.SqlServer.csproj", "{87FF519D-C8AF-4157-B6EC-D84FECA749FF}"
EndProject
Project("{2150E333-8FDC-42A3-9474-1A3956D46DE8}") = "Dialects", "Dialects", "{7E217721-99BE-4DE0-8893-20272B5E98BA}"
EndProject
Project("{2150E333-8FDC-42A3-9474-1A3956D46DE8}") = "Tests", "Tests", "{617C89DC-A99D-4A12-909D-116BF42EF9A2}"
EndProject
Project("{9A19103F-16F7-4668-BE54-9A1E7A4F7556}") = "FluentQuery.Postgresql", "FluentQuery.Postgresql\FluentQuery.Postgresql.csproj", "{97DC8413-EB55-4140-896A-863CBC9587B8}"
EndProject
Project("{2150E333-8FDC-42A3-9474-1A3956D46DE8}") = "Extensions", "Extensions", "{A0F7B53A-B071-4F53-8E94-851BE67B3DA1}"
EndProject
Project("{9A19103F-16F7-4668-BE54-9A1E7A4F7556}") = "FluentQuery.DapperAmbientContext", "FluentQuery.DapperAmbientContext\FluentQuery.DapperAmbientContext.csproj", "{F2BFFAE4-7CE6-4D94-ABB3-E16F0916C747}"
EndProject
Global
	GlobalSection(SolutionConfigurationPlatforms) = preSolution
		Debug|Any CPU = Debug|Any CPU
		Release|Any CPU = Release|Any CPU
	EndGlobalSection
	GlobalSection(ProjectConfigurationPlatforms) = postSolution
		{29329C69-070B-4AF1-A990-3AD232B82956}.Debug|Any CPU.ActiveCfg = Debug|Any CPU
		{29329C69-070B-4AF1-A990-3AD232B82956}.Debug|Any CPU.Build.0 = Debug|Any CPU
		{29329C69-070B-4AF1-A990-3AD232B82956}.Release|Any CPU.ActiveCfg = Release|Any CPU
		{29329C69-070B-4AF1-A990-3AD232B82956}.Release|Any CPU.Build.0 = Release|Any CPU
		{B143B4D3-5B53-4944-8AD5-4DAA364E2D48}.Debug|Any CPU.ActiveCfg = Debug|Any CPU
		{B143B4D3-5B53-4944-8AD5-4DAA364E2D48}.Debug|Any CPU.Build.0 = Debug|Any CPU
		{B143B4D3-5B53-4944-8AD5-4DAA364E2D48}.Release|Any CPU.ActiveCfg = Release|Any CPU
		{B143B4D3-5B53-4944-8AD5-4DAA364E2D48}.Release|Any CPU.Build.0 = Release|Any CPU
		{87FF519D-C8AF-4157-B6EC-D84FECA749FF}.Debug|Any CPU.ActiveCfg = Debug|Any CPU
		{87FF519D-C8AF-4157-B6EC-D84FECA749FF}.Debug|Any CPU.Build.0 = Debug|Any CPU
		{87FF519D-C8AF-4157-B6EC-D84FECA749FF}.Release|Any CPU.ActiveCfg = Release|Any CPU
		{87FF519D-C8AF-4157-B6EC-D84FECA749FF}.Release|Any CPU.Build.0 = Release|Any CPU
		{97DC8413-EB55-4140-896A-863CBC9587B8}.Debug|Any CPU.ActiveCfg = Debug|Any CPU
		{97DC8413-EB55-4140-896A-863CBC9587B8}.Debug|Any CPU.Build.0 = Debug|Any CPU
		{97DC8413-EB55-4140-896A-863CBC9587B8}.Release|Any CPU.ActiveCfg = Release|Any CPU
		{97DC8413-EB55-4140-896A-863CBC9587B8}.Release|Any CPU.Build.0 = Release|Any CPU
		{F2BFFAE4-7CE6-4D94-ABB3-E16F0916C747}.Debug|Any CPU.ActiveCfg = Debug|Any CPU
		{F2BFFAE4-7CE6-4D94-ABB3-E16F0916C747}.Debug|Any CPU.Build.0 = Debug|Any CPU
		{F2BFFAE4-7CE6-4D94-ABB3-E16F0916C747}.Release|Any CPU.ActiveCfg = Release|Any CPU
		{F2BFFAE4-7CE6-4D94-ABB3-E16F0916C747}.Release|Any CPU.Build.0 = Release|Any CPU
	EndGlobalSection
	GlobalSection(SolutionProperties) = preSolution
		HideSolutionNode = FALSE
	EndGlobalSection
	GlobalSection(NestedProjects) = preSolution
		{B143B4D3-5B53-4944-8AD5-4DAA364E2D48} = {617C89DC-A99D-4A12-909D-116BF42EF9A2}
		{87FF519D-C8AF-4157-B6EC-D84FECA749FF} = {7E217721-99BE-4DE0-8893-20272B5E98BA}
		{7E217721-99BE-4DE0-8893-20272B5E98BA} = {ACE3CC87-C358-46DD-9616-BC17BDBB92CA}
		{617C89DC-A99D-4A12-909D-116BF42EF9A2} = {ACE3CC87-C358-46DD-9616-BC17BDBB92CA}
		{97DC8413-EB55-4140-896A-863CBC9587B8} = {7E217721-99BE-4DE0-8893-20272B5E98BA}
		{A0F7B53A-B071-4F53-8E94-851BE67B3DA1} = {ACE3CC87-C358-46DD-9616-BC17BDBB92CA}
		{F2BFFAE4-7CE6-4D94-ABB3-E16F0916C747} = {A0F7B53A-B071-4F53-8E94-851BE67B3DA1}
	EndGlobalSection
	GlobalSection(ExtensibilityGlobals) = postSolution
		SolutionGuid = {F657C963-E171-47AC-9F37-AD05B54885DD}
	EndGlobalSection
EndGlobal
